{
  "version": 4,
  "terraform_version": "1.5.7",
  "serial": 13,
  "lineage": "8b414e99-273c-d308-1143-3941960591e6",
  "outputs": {
    "db_connection_string": {
      "value": "postgresql://dbuser:lolLmao@123@35.154.21.66:5432/pospcontest",
      "type": "string",
      "sensitive": true
    },
    "ec2_public_ip": {
      "value": "35.154.21.66",
      "type": "string"
    }
  },
  "resources": [
    {
      "mode": "managed",
      "type": "aws_instance",
      "name": "main_instance",
      "provider": "provider[\"registry.terraform.io/hashicorp/aws\"]",
      "instances": [
        {
          "schema_version": 1,
          "attributes": {
            "ami": "ami-08bf489a05e916bbd",
            "arn": "arn:aws:ec2:ap-south-1:009369024032:instance/i-0aacd48815eb32350",
            "associate_public_ip_address": true,
            "availability_zone": "ap-south-1a",
            "capacity_reservation_specification": [
              {
                "capacity_reservation_preference": "open",
                "capacity_reservation_target": []
              }
            ],
            "cpu_core_count": 2,
            "cpu_options": [
              {
                "amd_sev_snp": "",
                "core_count": 2,
                "threads_per_core": 1
              }
            ],
            "cpu_threads_per_core": 1,
            "credit_specification": [
              {
                "cpu_credits": "standard"
              }
            ],
            "disable_api_stop": false,
            "disable_api_termination": false,
            "ebs_block_device": [],
            "ebs_optimized": false,
            "enclave_options": [
              {
                "enabled": false
              }
            ],
            "ephemeral_block_device": [],
            "get_password_data": false,
            "hibernation": false,
            "host_id": "",
            "host_resource_group_arn": null,
            "iam_instance_profile": "",
            "id": "i-0aacd48815eb32350",
            "instance_initiated_shutdown_behavior": "stop",
            "instance_lifecycle": "",
            "instance_market_options": [],
            "instance_state": "running",
            "instance_type": "t2.medium",
            "ipv6_address_count": 0,
            "ipv6_addresses": [],
            "key_name": "ec2_keyname",
            "launch_template": [],
            "maintenance_options": [
              {
                "auto_recovery": "default"
              }
            ],
            "metadata_options": [
              {
                "http_endpoint": "enabled",
                "http_protocol_ipv6": "disabled",
                "http_put_response_hop_limit": 2,
                "http_tokens": "required",
                "instance_metadata_tags": "disabled"
              }
            ],
            "monitoring": false,
            "network_interface": [],
            "outpost_arn": "",
            "password_data": "",
            "placement_group": "",
            "placement_partition_number": 0,
            "primary_network_interface_id": "eni-0e33f0c3155ba9e16",
            "private_dns": "ip-172-31-24-101.ap-south-1.compute.internal",
            "private_dns_name_options": [
              {
                "enable_resource_name_dns_a_record": false,
                "enable_resource_name_dns_aaaa_record": false,
                "hostname_type": "ip-name"
              }
            ],
            "private_ip": "172.31.24.101",
            "public_dns": "ec2-35-154-21-66.ap-south-1.compute.amazonaws.com",
            "public_ip": "35.154.21.66",
            "root_block_device": [
              {
                "delete_on_termination": true,
                "device_name": "/dev/xvda",
                "encrypted": false,
                "iops": 3000,
                "kms_key_id": "",
                "tags": {},
                "tags_all": {},
                "throughput": 125,
                "volume_id": "vol-0c7fc86111618a3fd",
                "volume_size": 8,
                "volume_type": "gp3"
              }
            ],
            "secondary_private_ips": [],
            "security_groups": [
              "postgres-security-group"
            ],
            "source_dest_check": true,
            "spot_instance_request_id": "",
            "subnet_id": "subnet-095e2461",
            "tags": {
              "Name": "pb_partners"
            },
            "tags_all": {
              "Name": "pb_partners"
            },
            "tenancy": "default",
            "timeouts": null,
            "user_data": "d705e94e7960cde86411f7dff6a6a402018cd5f7",
            "user_data_base64": null,
            "user_data_replace_on_change": false,
            "volume_tags": null,
            "vpc_security_group_ids": [
              "sg-0717ec26e913da5f7"
            ]
          },
          "sensitive_attributes": [],
          "private": "eyJlMmJmYjczMC1lY2FhLTExZTYtOGY4OC0zNDM2M2JjN2M0YzAiOnsiY3JlYXRlIjo2MDAwMDAwMDAwMDAsImRlbGV0ZSI6MTIwMDAwMDAwMDAwMCwicmVhZCI6OTAwMDAwMDAwMDAwLCJ1cGRhdGUiOjYwMDAwMDAwMDAwMH0sInNjaGVtYV92ZXJzaW9uIjoiMSJ9",
          "dependencies": [
            "aws_security_group.postgres_sg"
          ]
        }
      ]
    },
    {
      "mode": "managed",
      "type": "aws_key_pair",
      "name": "ec2_key_pair",
      "provider": "provider[\"registry.terraform.io/hashicorp/aws\"]",
      "instances": [
        {
          "schema_version": 1,
          "attributes": {
            "arn": "arn:aws:ec2:ap-south-1:009369024032:key-pair/ec2_keyname",
            "fingerprint": "f8:3a:b3:0b:a3:d6:1d:18:be:2d:22:20:b3:80:fa:33",
            "id": "ec2_keyname",
            "key_name": "ec2_keyname",
            "key_name_prefix": "",
            "key_pair_id": "key-0b31e8b378249f8ab",
            "key_type": "rsa",
            "public_key": "ssh-rsa AAAAB3NzaC1yc2EAAAADAQABAAACAQCwCAAAtgD+pYkOxuvPqI+0hk0b/0NrBCnzbT/4o+nEkoJyDKu0f711m+Z0MmoJrzIVqzH2aMNYq4f3RuLVBNadTJK8tMCAVWewPeHKPRoelN90EUpk6ylrPCMy4x6nuCrShJ2vZRsJb/iG0B8ZJhnvjlGiKo7cvFUeVYjJCR2Ojea2vmoVOEZiYglyIHVl1w8qJ+ANaHBiIc7J7FLP/aRXTYxLsAh/jITVjnSfhgXoHxehU6mk0nfAC2aHb+20/71fsCknqZ7GbFe6KFoWAMMNNx+vfpddBgVlz/6CZtZy9X49VaOYv6jnr9Bdz9jrt9wxQxW2gSHl7IubVBqcX2f/J/9jZMBCevt7G69lTSm5VN+17K/LJyRAmap4sDwMl3/jXt6aNhw3d6UqbR2xlPzv0hvFdP1hBSagXRQe9Nx6pue73rQYaTJ960rdyF3eTTvBbiBQedq8W4fu1I+9CC6Bc5G/M6xUPQSiMfCV3B3VwYFBNu1oVwzlAO5tC9IABAjMXjHEOU+m7nS6gxoTFFneavOxqpDxEg1XwI3DMHzA8j908qUzMIeAh1h1Z6FhJR+N2pDM4RH6XN1SmMCo7gQbPzxH9/Dx7j2rLS+WIHDFQAdJA5HhMlNcnmi6JBSJ+wDAW6LkWduGtfmOHZlyfYhWO6yW13+2g58lZI53GLlQrQ== shubhamjuyal4444@gmail.com",
            "tags": null,
            "tags_all": {}
          },
          "sensitive_attributes": [],
          "private": "eyJzY2hlbWFfdmVyc2lvbiI6IjEifQ=="
        }
      ]
    },
    {
      "mode": "managed",
      "type": "aws_security_group",
      "name": "postgres_sg",
      "provider": "provider[\"registry.terraform.io/hashicorp/aws\"]",
      "instances": [
        {
          "schema_version": 1,
          "attributes": {
            "arn": "arn:aws:ec2:ap-south-1:009369024032:security-group/sg-0717ec26e913da5f7",
            "description": "Allow SSH and PostgreSQL access",
            "egress": [
              {
                "cidr_blocks": [
                  "0.0.0.0/0"
                ],
                "description": "",
                "from_port": 0,
                "ipv6_cidr_blocks": [],
                "prefix_list_ids": [],
                "protocol": "-1",
                "security_groups": [],
                "self": false,
                "to_port": 0
              }
            ],
            "id": "sg-0717ec26e913da5f7",
            "ingress": [
              {
                "cidr_blocks": [
                  "0.0.0.0/0"
                ],
                "description": "",
                "from_port": 22,
                "ipv6_cidr_blocks": [],
                "prefix_list_ids": [],
                "protocol": "tcp",
                "security_groups": [],
                "self": false,
                "to_port": 22
              },
              {
                "cidr_blocks": [
                  "0.0.0.0/0"
                ],
                "description": "",
                "from_port": 5432,
                "ipv6_cidr_blocks": [],
                "prefix_list_ids": [],
                "protocol": "tcp",
                "security_groups": [],
                "self": false,
                "to_port": 5432
              }
            ],
            "name": "postgres-security-group",
            "name_prefix": "",
            "owner_id": "009369024032",
            "revoke_rules_on_delete": false,
            "tags": null,
            "tags_all": {},
            "timeouts": null,
            "vpc_id": "vpc-07d98a6f"
          },
          "sensitive_attributes": [],
          "private": "eyJlMmJmYjczMC1lY2FhLTExZTYtOGY4OC0zNDM2M2JjN2M0YzAiOnsiY3JlYXRlIjo2MDAwMDAwMDAwMDAsImRlbGV0ZSI6OTAwMDAwMDAwMDAwfSwic2NoZW1hX3ZlcnNpb24iOiIxIn0="
        }
      ]
    }
  ],
  "check_results": null
}
